
Microsoft Visual Studio Solution File, Format Version 12.00
# Visual Studio Version 16
VisualStudioVersion = 16.0.31424.327
MinimumVisualStudioVersion = 10.0.40219.1
Project("{9A19103F-16F7-4668-BE54-9A1E7A4F7556}") = "Function", "src\Function\Function.csproj", "{97BC5B9D-A7E0-4374-8379-D6E44FC4B405}"
EndProject
Project("{9A19103F-16F7-4668-BE54-9A1E7A4F7556}") = "Repository", "src\Repository\Repository.csproj", "{3AB72B5C-CA31-402D-A5CC-87D6B8FC59A1}"
EndProject
Global
	GlobalSection(SolutionConfigurationPlatforms) = preSolution
		Debug|Any CPU = Debug|Any CPU
		Release|Any CPU = Release|Any CPU
	EndGlobalSection
	GlobalSection(ProjectConfigurationPlatforms) = postSolution
		{97BC5B9D-A7E0-4374-8379-D6E44FC4B405}.Debug|Any CPU.ActiveCfg = Debug|Any CPU
		{97BC5B9D-A7E0-4374-8379-D6E44FC4B405}.Debug|Any CPU.Build.0 = Debug|Any CPU
		{97BC5B9D-A7E0-4374-8379-D6E44FC4B405}.Release|Any CPU.ActiveCfg = Release|Any CPU
		{97BC5B9D-A7E0-4374-8379-D6E44FC4B405}.Release|Any CPU.Build.0 = Release|Any CPU
		{3AB72B5C-CA31-402D-A5CC-87D6B8FC59A1}.Debug|Any CPU.ActiveCfg = Debug|Any CPU
		{3AB72B5C-CA31-402D-A5CC-87D6B8FC59A1}.Debug|Any CPU.Build.0 = Debug|Any CPU
		{3AB72B5C-CA31-402D-A5CC-87D6B8FC59A1}.Release|Any CPU.ActiveCfg = Release|Any CPU
		{3AB72B5C-CA31-402D-A5CC-87D6B8FC59A1}.Release|Any CPU.Build.0 = Release|Any CPU
	EndGlobalSection
	GlobalSection(SolutionProperties) = preSolution
		HideSolutionNode = FALSE
	EndGlobalSection
	GlobalSection(ExtensibilityGlobals) = postSolution
		SolutionGuid = {EEE9B8FC-D600-422E-B3AB-346C9163B5C8}
	EndGlobalSection
EndGlobal
